
Microsoft Visual Studio Solution File, Format Version 12.00
# Visual Studio Version 16
VisualStudioVersion = 16.0.30804.86
MinimumVisualStudioVersion = 10.0.40219.1
Project("{9A19103F-16F7-4668-BE54-9A1E7A4F7556}") = "Wine_Lab", "Wine_Lab\Wine_Lab.csproj", "{171B68F7-D11D-4018-A0B8-47C3A2FF9FD4}"
EndProject
Project("{FAE04EC0-301F-11D3-BF4B-00C04F79EFBC}") = "Wine_Lab.Data", "Wine_Lab.Data\Wine_Lab.Data.csproj", "{14C9B960-E4FB-4C68-83D8-FF88A756A92C}"
EndProject
Project("{FAE04EC0-301F-11D3-BF4B-00C04F79EFBC}") = "Wine_Lab.Services", "Wine_Lab.Services\Wine_Lab.Services.csproj", "{E51B64AC-D45A-4A5B-9F69-4E1C873D5CD2}"
EndProject
Global
	GlobalSection(SolutionConfigurationPlatforms) = preSolution
		Debug|Any CPU = Debug|Any CPU
		Release|Any CPU = Release|Any CPU
	EndGlobalSection
	GlobalSection(ProjectConfigurationPlatforms) = postSolution
		{171B68F7-D11D-4018-A0B8-47C3A2FF9FD4}.Debug|Any CPU.ActiveCfg = Debug|Any CPU
		{171B68F7-D11D-4018-A0B8-47C3A2FF9FD4}.Debug|Any CPU.Build.0 = Debug|Any CPU
		{171B68F7-D11D-4018-A0B8-47C3A2FF9FD4}.Release|Any CPU.ActiveCfg = Release|Any CPU
		{171B68F7-D11D-4018-A0B8-47C3A2FF9FD4}.Release|Any CPU.Build.0 = Release|Any CPU
		{14C9B960-E4FB-4C68-83D8-FF88A756A92C}.Debug|Any CPU.ActiveCfg = Debug|Any CPU
		{14C9B960-E4FB-4C68-83D8-FF88A756A92C}.Debug|Any CPU.Build.0 = Debug|Any CPU
		{14C9B960-E4FB-4C68-83D8-FF88A756A92C}.Release|Any CPU.ActiveCfg = Release|Any CPU
		{14C9B960-E4FB-4C68-83D8-FF88A756A92C}.Release|Any CPU.Build.0 = Release|Any CPU
		{E51B64AC-D45A-4A5B-9F69-4E1C873D5CD2}.Debug|Any CPU.ActiveCfg = Debug|Any CPU
		{E51B64AC-D45A-4A5B-9F69-4E1C873D5CD2}.Debug|Any CPU.Build.0 = Debug|Any CPU
		{E51B64AC-D45A-4A5B-9F69-4E1C873D5CD2}.Release|Any CPU.ActiveCfg = Release|Any CPU
		{E51B64AC-D45A-4A5B-9F69-4E1C873D5CD2}.Release|Any CPU.Build.0 = Release|Any CPU
	EndGlobalSection
	GlobalSection(SolutionProperties) = preSolution
		HideSolutionNode = FALSE
	EndGlobalSection
	GlobalSection(ExtensibilityGlobals) = postSolution
		SolutionGuid = {432F26B6-A50B-4500-A34A-1E7876314068}
	EndGlobalSection
EndGlobal
